// !$*UTF8*$!
{
	archiveVersion = 1;
	classes = {
	};
	objectVersion = 46;
	objects = {

/* Begin PBXAggregateTarget section */
		400947954A604995A7BB5087 /* ALL_BUILD */ = {
			isa = PBXAggregateTarget;
			buildConfigurationList = 3F04703DBBF24CA4B73A59BE /* Build configuration list for PBXAggregateTarget "ALL_BUILD" */;
			buildPhases = (
				B7CE237C798C47049755521C /* CMake Rules */,
			);
			dependencies = (
				5C8AA856E2C7440BACE082CA /* PBXTargetDependency */,
				F360DF4C381F48469CF4866D /* PBXTargetDependency */,
			);
			name = ALL_BUILD;
			productName = ALL_BUILD;
		};
		FB27B7F7C22E4475A86700AD /* ZERO_CHECK */ = {
			isa = PBXAggregateTarget;
			buildConfigurationList = 14A1185FCEF5498ABE23EAA3 /* Build configuration list for PBXAggregateTarget "ZERO_CHECK" */;
			buildPhases = (
				30BF63C41D95480DBB17836A /* CMake Rules */,
			);
			dependencies = (
			);
			name = ZERO_CHECK;
			productName = ZERO_CHECK;
		};
/* End PBXAggregateTarget section */

/* Begin PBXBuildFile section */
		C693164C5CA2490D909AD0FB /* /Users/Jason/Desktop/Xcode/ECE_441/dpgen/src/main.cpp */ = {isa = PBXBuildFile; fileRef = 7CCF4CBB089C47AC87B5B89B /* /Users/Jason/Desktop/Xcode/ECE_441/dpgen/src/main.cpp */; };
		F2B7547DD7854818A650CAEC /* /Users/Jason/Desktop/Xcode/ECE_441/dpgen/src/CMakeLists.txt */ = {isa = PBXBuildFile; fileRef = EA317C64299C4A9F9B0A598A /* /Users/Jason/Desktop/Xcode/ECE_441/dpgen/src/CMakeLists.txt */; };
/* End PBXBuildFile section */

/* Begin PBXBuildStyle section */
		13A349FFA8264B48BDBBCF31 /* MinSizeRel */ = {
			isa = PBXBuildStyle;
			buildSettings = {
				COPY_PHASE_STRIP = NO;
			};
			name = MinSizeRel;
		};
		1BB8EC1A51F842D4AC7FFFF5 /* Debug */ = {
			isa = PBXBuildStyle;
			buildSettings = {
				COPY_PHASE_STRIP = NO;
			};
			name = Debug;
		};
		3DE4FF8D99AD446DA734DD0E /* RelWithDebInfo */ = {
			isa = PBXBuildStyle;
			buildSettings = {
				COPY_PHASE_STRIP = NO;
			};
			name = RelWithDebInfo;
		};
		E0E65B7D2972410CA7126576 = {
			isa = PBXBuildStyle;
		};
		E4F39ED3455D418FA73FD33E /* Release */ = {
			isa = PBXBuildStyle;
			buildSettings = {
				COPY_PHASE_STRIP = NO;
			};
			name = Release;
		};
/* End PBXBuildStyle section */

/* Begin PBXContainerItemProxy section */
		0F40CD8DB062430AB4CFA558 /* PBXContainerItemProxy */ = {
			isa = PBXContainerItemProxy;
			containerPortal = 59BB7DFA3CE541CBAD35A1C9 /* Project object */;
			proxyType = 1;
			remoteGlobalIDString = FB27B7F7C22E4475A86700AD;
			remoteInfo = ZERO_CHECK;
		};
		28A81A1E661D44E78CBB1192 /* PBXContainerItemProxy */ = {
			isa = PBXContainerItemProxy;
			containerPortal = 59BB7DFA3CE541CBAD35A1C9 /* Project object */;
			proxyType = 1;
			remoteGlobalIDString = 6C5BA73711604EFBA39BD3A1;
			remoteInfo = dpgen;
		};
		4CE6C228B40C49C596161C55 /* PBXContainerItemProxy */ = {
			isa = PBXContainerItemProxy;
			containerPortal = 59BB7DFA3CE541CBAD35A1C9 /* Project object */;
			proxyType = 1;
			remoteGlobalIDString = FB27B7F7C22E4475A86700AD;
			remoteInfo = ZERO_CHECK;
		};
/* End PBXContainerItemProxy section */

/* Begin PBXFileReference section */
		0E38605B80614E1DA0C83844 /* /Users/Jason/Desktop/Xcode/ECE_441/dpgen/CMakeLists.txt */ = {isa = PBXFileReference; explicitFileType = sourcecode.text; fileEncoding = 4; name = CMakeLists.txt; path = CMakeLists.txt; sourceTree = SOURCE_ROOT; };
		5CF930EE1B054BB8943A4AE6 /* dpgen */ = {isa = PBXFileReference; explicitFileType = "compiled.mach-o.executable"; path = dpgen; sourceTree = BUILT_PRODUCTS_DIR; };
		7CCF4CBB089C47AC87B5B89B /* /Users/Jason/Desktop/Xcode/ECE_441/dpgen/src/main.cpp */ = {isa = PBXFileReference; explicitFileType = sourcecode.cpp.cpp; fileEncoding = 4; name = main.cpp; path = src/main.cpp; sourceTree = SOURCE_ROOT; };
		E8CCDAF545454C51B886ED53 /* /Users/Jason/Desktop/Xcode/ECE_441/dpgen/CMakeLists.txt */ = {isa = PBXFileReference; explicitFileType = sourcecode.text; fileEncoding = 4; name = CMakeLists.txt; path = CMakeLists.txt; sourceTree = SOURCE_ROOT; };
		EA317C64299C4A9F9B0A598A /* /Users/Jason/Desktop/Xcode/ECE_441/dpgen/src/CMakeLists.txt */ = {isa = PBXFileReference; explicitFileType = sourcecode.text; fileEncoding = 4; name = CMakeLists.txt; path = src/CMakeLists.txt; sourceTree = SOURCE_ROOT; };
/* End PBXFileReference section */

/* Begin PBXGroup section */
		1D17F5DC8D1A4AB39CAA08D0 /* ALL_BUILD */ = {
			isa = PBXGroup;
			children = (
				F73F8D0B153F4BD28275A1C5 /* CMake Rules */,
				0E38605B80614E1DA0C83844 /* /Users/Jason/Desktop/Xcode/ECE_441/dpgen/CMakeLists.txt */,
			);
			name = ALL_BUILD;
			sourceTree = "<group>";
		};
		27CF54C9AA6842EAB97992BD /* CMake Rules */ = {
			isa = PBXGroup;
			children = (
			);
			name = "CMake Rules";
			sourceTree = "<group>";
		};
		64F1D69E96F7483E91F3110F = {
			isa = PBXGroup;
			children = (
				6BA37B3157BF46E1B29877F4 /* Sources */,
				7E63A46A619A43B693C72BAA /* Resources */,
				6C852D0AEF2C4259905F5E8D /* Products */,
			);
			sourceTree = "<group>";
		};
		6BA37B3157BF46E1B29877F4 /* Sources */ = {
			isa = PBXGroup;
			children = (
				1D17F5DC8D1A4AB39CAA08D0 /* ALL_BUILD */,
				6C1B98FF16E54F3591115FA6 /* ZERO_CHECK */,
				EC5E29D8342D440795E4B277 /* dpgen */,
			);
			name = Sources;
			sourceTree = "<group>";
		};
		6C1B98FF16E54F3591115FA6 /* ZERO_CHECK */ = {
			isa = PBXGroup;
			children = (
				27CF54C9AA6842EAB97992BD /* CMake Rules */,
				E8CCDAF545454C51B886ED53 /* /Users/Jason/Desktop/Xcode/ECE_441/dpgen/CMakeLists.txt */,
			);
			name = ZERO_CHECK;
			sourceTree = "<group>";
		};
		6C852D0AEF2C4259905F5E8D /* Products */ = {
			isa = PBXGroup;
			children = (
				5CF930EE1B054BB8943A4AE6 /* dpgen */,
			);
			name = Products;
			sourceTree = "<group>";
		};
		7E63A46A619A43B693C72BAA /* Resources */ = {
			isa = PBXGroup;
			children = (
			);
			name = Resources;
			sourceTree = "<group>";
		};
		E5D65EF474CF4159856EB1CD /* Source Files */ = {
			isa = PBXGroup;
			children = (
				7CCF4CBB089C47AC87B5B89B /* /Users/Jason/Desktop/Xcode/ECE_441/dpgen/src/main.cpp */,
			);
			name = "Source Files";
			sourceTree = "<group>";
		};
		EC5E29D8342D440795E4B277 /* dpgen */ = {
			isa = PBXGroup;
			children = (
				E5D65EF474CF4159856EB1CD /* Source Files */,
				EA317C64299C4A9F9B0A598A /* /Users/Jason/Desktop/Xcode/ECE_441/dpgen/src/CMakeLists.txt */,
			);
			name = dpgen;
			sourceTree = "<group>";
		};
		F73F8D0B153F4BD28275A1C5 /* CMake Rules */ = {
			isa = PBXGroup;
			children = (
			);
			name = "CMake Rules";
			sourceTree = "<group>";
		};
/* End PBXGroup section */

/* Begin PBXNativeTarget section */
		6C5BA73711604EFBA39BD3A1 /* dpgen */ = {
			isa = PBXNativeTarget;
			buildConfigurationList = 76EA6DBDBC8545A6A3FFF1E9 /* Build configuration list for PBXNativeTarget "dpgen" */;
			buildPhases = (
				57A7A725CE7D4C38B21D2D46 /* Sources */,
			);
			buildRules = (
			);
			dependencies = (
				F5B461FF20AD4C72A408DE40 /* PBXTargetDependency */,
			);
			name = dpgen;
			productName = dpgen;
			productReference = 5CF930EE1B054BB8943A4AE6 /* dpgen */;
			productType = "com.apple.product-type.tool";
		};
/* End PBXNativeTarget section */

/* Begin PBXProject section */
		59BB7DFA3CE541CBAD35A1C9 /* Project object */ = {
			isa = PBXProject;
			attributes = {
				BuildIndependentTargetsInParallel = YES;
				LastUpgradeCheck = 0800;
			};
			buildConfigurationList = 738E89ED642B480088EF277D /* Build configuration list for PBXProject "dpgen_project" */;
			buildSettings = {
			};
			buildStyles = (
				1BB8EC1A51F842D4AC7FFFF5 /* Debug */,
				E4F39ED3455D418FA73FD33E /* Release */,
				13A349FFA8264B48BDBBCF31 /* MinSizeRel */,
				3DE4FF8D99AD446DA734DD0E /* RelWithDebInfo */,
			);
			compatibilityVersion = "Xcode 3.2";
			hasScannedForEncodings = 0;
			mainGroup = 64F1D69E96F7483E91F3110F;
			projectDirPath = ../;
			projectRoot = "";
			targets = (
				400947954A604995A7BB5087 /* ALL_BUILD */,
				FB27B7F7C22E4475A86700AD /* ZERO_CHECK */,
				6C5BA73711604EFBA39BD3A1 /* dpgen */,
			);
		};
/* End PBXProject section */

/* Begin PBXShellScriptBuildPhase section */
		30BF63C41D95480DBB17836A /* CMake Rules */ = {
			isa = PBXShellScriptBuildPhase;
			buildActionMask = 2147483647;
			files = (
			);
			name = "CMake Rules";
			runOnlyForDeploymentPostprocessing = 0;
			shellPath = /bin/sh;
			shellScript = "make -C /Users/Jason/Desktop/Xcode/ECE_441/dpgen/build-xcode -f /Users/Jason/Desktop/Xcode/ECE_441/dpgen/build-xcode/CMakeScripts/ZERO_CHECK_cmakeRulesBuildPhase.make$CONFIGURATION all";
			showEnvVarsInLog = 0;
		};
		B7CE237C798C47049755521C /* CMake Rules */ = {
			isa = PBXShellScriptBuildPhase;
			buildActionMask = 2147483647;
			files = (
			);
			name = "CMake Rules";
			runOnlyForDeploymentPostprocessing = 0;
			shellPath = /bin/sh;
			shellScript = "make -C /Users/Jason/Desktop/Xcode/ECE_441/dpgen/build-xcode -f /Users/Jason/Desktop/Xcode/ECE_441/dpgen/build-xcode/CMakeScripts/ALL_BUILD_cmakeRulesBuildPhase.make$CONFIGURATION all";
			showEnvVarsInLog = 0;
		};
		CD080DEF6A8C46438EC29507 = {
			isa = PBXShellScriptBuildPhase;
			buildActionMask = 2147483647;
			files = (
			);
			inputPaths = (
			);
			outputPaths = (
			);
			runOnlyForDeploymentPostprocessing = 0;
			shellPath = /bin/sh;
			shellScript = "# shell script goes here
exit 0";
			showEnvVarsInLog = 0;
		};
		F872662544A342EE9465C4AB = {
			isa = PBXShellScriptBuildPhase;
			buildActionMask = 2147483647;
			files = (
			);
			inputPaths = (
			);
			outputPaths = (
			);
			runOnlyForDeploymentPostprocessing = 0;
			shellPath = /bin/sh;
			shellScript = "# shell script goes here
exit 0";
			showEnvVarsInLog = 0;
		};
/* End PBXShellScriptBuildPhase section */

/* Begin PBXSourcesBuildPhase section */
		57A7A725CE7D4C38B21D2D46 /* Sources */ = {
			isa = PBXSourcesBuildPhase;
			buildActionMask = 2147483647;
			files = (
				C693164C5CA2490D909AD0FB /* /Users/Jason/Desktop/Xcode/ECE_441/dpgen/src/main.cpp */,
			);
			runOnlyForDeploymentPostprocessing = 0;
		};
/* End PBXSourcesBuildPhase section */

/* Begin PBXTargetDependency section */
		5C8AA856E2C7440BACE082CA /* PBXTargetDependency */ = {
			isa = PBXTargetDependency;
			target = 6C5BA73711604EFBA39BD3A1 /* dpgen */;
			targetProxy = 28A81A1E661D44E78CBB1192 /* PBXContainerItemProxy */;
		};
		F360DF4C381F48469CF4866D /* PBXTargetDependency */ = {
			isa = PBXTargetDependency;
			target = FB27B7F7C22E4475A86700AD /* ZERO_CHECK */;
			targetProxy = 4CE6C228B40C49C596161C55 /* PBXContainerItemProxy */;
		};
		F5B461FF20AD4C72A408DE40 /* PBXTargetDependency */ = {
			isa = PBXTargetDependency;
			target = FB27B7F7C22E4475A86700AD /* ZERO_CHECK */;
			targetProxy = 0F40CD8DB062430AB4CFA558 /* PBXContainerItemProxy */;
		};
/* End PBXTargetDependency section */

/* Begin XCBuildConfiguration section */
		15232127A08C4B048640F6A5 /* Release */ = {
			isa = XCBuildConfiguration;
			buildSettings = {
				COMBINE_HIDPI_IMAGES = YES;
				GCC_GENERATE_DEBUGGING_SYMBOLS = YES;
				GCC_INLINES_ARE_PRIVATE_EXTERN = NO;
				GCC_OPTIMIZATION_LEVEL = 0;
				GCC_PREPROCESSOR_DEFINITIONS = ("'CMAKE_INTDIR=\"$(CONFIGURATION)$(EFFECTIVE_PLATFORM_NAME)\"'");
				GCC_SYMBOLS_PRIVATE_EXTERN = NO;
				INSTALL_PATH = "";
				OTHER_LDFLAGS = " ";
				OTHER_REZFLAGS = "";
				PRODUCT_NAME = ALL_BUILD;
				SECTORDER_FLAGS = "";
				SYMROOT = "/Users/Jason/Desktop/Xcode/ECE_441/dpgen/build-xcode";
				USE_HEADERMAP = NO;
				WARNING_CFLAGS = ("-Wmost","-Wno-four-char-constants","-Wno-unknown-pragmas","$(inherited)");
			};
			name = Release;
		};
		1EF8FFCC5F3548E580010054 /* RelWithDebInfo */ = {
			isa = XCBuildConfiguration;
			buildSettings = {
				COMBINE_HIDPI_IMAGES = YES;
				EXECUTABLE_PREFIX = "";
				EXECUTABLE_SUFFIX = "";
				GCC_GENERATE_DEBUGGING_SYMBOLS = YES;
				GCC_INLINES_ARE_PRIVATE_EXTERN = NO;
				GCC_OPTIMIZATION_LEVEL = 2;
				GCC_PREPROCESSOR_DEFINITIONS = ("'CMAKE_INTDIR=\"$(CONFIGURATION)$(EFFECTIVE_PLATFORM_NAME)\"'");
				GCC_SYMBOLS_PRIVATE_EXTERN = NO;
				INSTALL_PATH = "";
				LIBRARY_SEARCH_PATHS = "";
				OTHER_CPLUSPLUSFLAGS = "       -DNDEBUG   -Wall -g";
				OTHER_LDFLAGS = " -Wl,-search_paths_first -Wl,-headerpad_max_install_names  ";
				OTHER_REZFLAGS = "";
				PRODUCT_NAME = dpgen;
				SECTORDER_FLAGS = "";
				SYMROOT = "/Users/Jason/Desktop/Xcode/ECE_441/dpgen/build-xcode/src";
				USE_HEADERMAP = NO;
				WARNING_CFLAGS = ("-Wmost","-Wno-four-char-constants","-Wno-unknown-pragmas","$(inherited)");
			};
			name = RelWithDebInfo;
		};
		22B2EDA47BF044A4A5A778EF /* Release */ = {
			isa = XCBuildConfiguration;
			buildSettings = {
				COMBINE_HIDPI_IMAGES = YES;
				GCC_GENERATE_DEBUGGING_SYMBOLS = YES;
				GCC_INLINES_ARE_PRIVATE_EXTERN = NO;
				GCC_OPTIMIZATION_LEVEL = 0;
				GCC_PREPROCESSOR_DEFINITIONS = ("'CMAKE_INTDIR=\"$(CONFIGURATION)$(EFFECTIVE_PLATFORM_NAME)\"'");
				GCC_SYMBOLS_PRIVATE_EXTERN = NO;
				INSTALL_PATH = "";
				OTHER_LDFLAGS = " ";
				OTHER_REZFLAGS = "";
				PRODUCT_NAME = ZERO_CHECK;
				SECTORDER_FLAGS = "";
				SYMROOT = "/Users/Jason/Desktop/Xcode/ECE_441/dpgen/build-xcode";
				USE_HEADERMAP = NO;
				WARNING_CFLAGS = ("-Wmost","-Wno-four-char-constants","-Wno-unknown-pragmas","$(inherited)");
			};
			name = Release;
		};
		30E07DFF887E4FD8A9F71343 /* MinSizeRel */ = {
			isa = XCBuildConfiguration;
			buildSettings = {
				COMBINE_HIDPI_IMAGES = YES;
				EXECUTABLE_PREFIX = "";
				EXECUTABLE_SUFFIX = "";
				GCC_GENERATE_DEBUGGING_SYMBOLS = NO;
				GCC_INLINES_ARE_PRIVATE_EXTERN = NO;
				GCC_OPTIMIZATION_LEVEL = s;
				GCC_PREPROCESSOR_DEFINITIONS = ("'CMAKE_INTDIR=\"$(CONFIGURATION)$(EFFECTIVE_PLATFORM_NAME)\"'");
				GCC_SYMBOLS_PRIVATE_EXTERN = NO;
				INSTALL_PATH = "";
				LIBRARY_SEARCH_PATHS = "";
				OTHER_CPLUSPLUSFLAGS = "    -DNDEBUG   -Wall -g";
				OTHER_LDFLAGS = " -Wl,-search_paths_first -Wl,-headerpad_max_install_names  ";
				OTHER_REZFLAGS = "";
				PRODUCT_NAME = dpgen;
				SECTORDER_FLAGS = "";
				SYMROOT = "/Users/Jason/Desktop/Xcode/ECE_441/dpgen/build-xcode/src";
				USE_HEADERMAP = NO;
				WARNING_CFLAGS = ("-Wmost","-Wno-four-char-constants","-Wno-unknown-pragmas","$(inherited)");
			};
			name = MinSizeRel;
		};
		4532CD01201847E09F27F0C3 /* MinSizeRel */ = {
			isa = XCBuildConfiguration;
			buildSettings = {
				ONLY_ACTIVE_ARCH = YES;
				SDKROOT = /Applications/Xcode.app/Contents/Developer/Platforms/MacOSX.platform/Developer/SDKs/MacOSX10.12.sdk;
				SYMROOT = "/Users/Jason/Desktop/Xcode/ECE_441/dpgen/build-xcode/build";
			};
			name = MinSizeRel;
		};
		72E1ED21ACCB4D83B91D21EF /* Release */ = {
			isa = XCBuildConfiguration;
			buildSettings = {
				ONLY_ACTIVE_ARCH = YES;
				SDKROOT = /Applications/Xcode.app/Contents/Developer/Platforms/MacOSX.platform/Developer/SDKs/MacOSX10.12.sdk;
				SYMROOT = "/Users/Jason/Desktop/Xcode/ECE_441/dpgen/build-xcode/build";
			};
			name = Release;
		};
		74BD1783430F4A59BE7D0A44 /* Debug */ = {
			isa = XCBuildConfiguration;
			buildSettings = {
				COMBINE_HIDPI_IMAGES = YES;
				EXECUTABLE_PREFIX = "";
				EXECUTABLE_SUFFIX = "";
				GCC_GENERATE_DEBUGGING_SYMBOLS = YES;
				GCC_INLINES_ARE_PRIVATE_EXTERN = NO;
				GCC_OPTIMIZATION_LEVEL = 0;
				GCC_PREPROCESSOR_DEFINITIONS = ("'CMAKE_INTDIR=\"$(CONFIGURATION)$(EFFECTIVE_PLATFORM_NAME)\"'");
				GCC_SYMBOLS_PRIVATE_EXTERN = NO;
				INSTALL_PATH = "";
				LIBRARY_SEARCH_PATHS = "";
				OTHER_CPLUSPLUSFLAGS = "     -Wall -g";
				OTHER_LDFLAGS = " -Wl,-search_paths_first -Wl,-headerpad_max_install_names  ";
				OTHER_REZFLAGS = "";
				PRODUCT_NAME = dpgen;
				SECTORDER_FLAGS = "";
				SYMROOT = "/Users/Jason/Desktop/Xcode/ECE_441/dpgen/build-xcode/src";
				USE_HEADERMAP = NO;
				WARNING_CFLAGS = ("-Wmost","-Wno-four-char-constants","-Wno-unknown-pragmas","$(inherited)");
			};
			name = Debug;
		};
		755156F4996D4958AA1B14F2 /* RelWithDebInfo */ = {
			isa = XCBuildConfiguration;
			buildSettings = {
				COMBINE_HIDPI_IMAGES = YES;
				GCC_GENERATE_DEBUGGING_SYMBOLS = YES;
				GCC_INLINES_ARE_PRIVATE_EXTERN = NO;
				GCC_OPTIMIZATION_LEVEL = 0;
				GCC_PREPROCESSOR_DEFINITIONS = ("'CMAKE_INTDIR=\"$(CONFIGURATION)$(EFFECTIVE_PLATFORM_NAME)\"'");
				GCC_SYMBOLS_PRIVATE_EXTERN = NO;
				INSTALL_PATH = "";
				OTHER_LDFLAGS = " ";
				OTHER_REZFLAGS = "";
				PRODUCT_NAME = ALL_BUILD;
				SECTORDER_FLAGS = "";
				SYMROOT = "/Users/Jason/Desktop/Xcode/ECE_441/dpgen/build-xcode";
				USE_HEADERMAP = NO;
				WARNING_CFLAGS = ("-Wmost","-Wno-four-char-constants","-Wno-unknown-pragmas","$(inherited)");
			};
			name = RelWithDebInfo;
		};
		81DD4FA95C8D471EA6987946 /* RelWithDebInfo */ = {
			isa = XCBuildConfiguration;
			buildSettings = {
				COMBINE_HIDPI_IMAGES = YES;
				GCC_GENERATE_DEBUGGING_SYMBOLS = YES;
				GCC_INLINES_ARE_PRIVATE_EXTERN = NO;
				GCC_OPTIMIZATION_LEVEL = 0;
				GCC_PREPROCESSOR_DEFINITIONS = ("'CMAKE_INTDIR=\"$(CONFIGURATION)$(EFFECTIVE_PLATFORM_NAME)\"'");
				GCC_SYMBOLS_PRIVATE_EXTERN = NO;
				INSTALL_PATH = "";
				OTHER_LDFLAGS = " ";
				OTHER_REZFLAGS = "";
				PRODUCT_NAME = ZERO_CHECK;
				SECTORDER_FLAGS = "";
				SYMROOT = "/Users/Jason/Desktop/Xcode/ECE_441/dpgen/build-xcode";
				USE_HEADERMAP = NO;
				WARNING_CFLAGS = ("-Wmost","-Wno-four-char-constants","-Wno-unknown-pragmas","$(inherited)");
			};
			name = RelWithDebInfo;
		};
		91F405E4C5244FD0A86CA782 /* MinSizeRel */ = {
			isa = XCBuildConfiguration;
			buildSettings = {
				COMBINE_HIDPI_IMAGES = YES;
				GCC_GENERATE_DEBUGGING_SYMBOLS = YES;
				GCC_INLINES_ARE_PRIVATE_EXTERN = NO;
				GCC_OPTIMIZATION_LEVEL = 0;
				GCC_PREPROCESSOR_DEFINITIONS = ("'CMAKE_INTDIR=\"$(CONFIGURATION)$(EFFECTIVE_PLATFORM_NAME)\"'");
				GCC_SYMBOLS_PRIVATE_EXTERN = NO;
				INSTALL_PATH = "";
				OTHER_LDFLAGS = " ";
				OTHER_REZFLAGS = "";
				PRODUCT_NAME = ZERO_CHECK;
				SECTORDER_FLAGS = "";
				SYMROOT = "/Users/Jason/Desktop/Xcode/ECE_441/dpgen/build-xcode";
				USE_HEADERMAP = NO;
				WARNING_CFLAGS = ("-Wmost","-Wno-four-char-constants","-Wno-unknown-pragmas","$(inherited)");
			};
			name = MinSizeRel;
		};
		93E8CCF0B84E4BCF9325507C /* RelWithDebInfo */ = {
			isa = XCBuildConfiguration;
			buildSettings = {
				ONLY_ACTIVE_ARCH = YES;
				SDKROOT = /Applications/Xcode.app/Contents/Developer/Platforms/MacOSX.platform/Developer/SDKs/MacOSX10.12.sdk;
				SYMROOT = "/Users/Jason/Desktop/Xcode/ECE_441/dpgen/build-xcode/build";
			};
			name = RelWithDebInfo;
		};
		A366D341A7DF43858C8CC747 /* Debug */ = {
			isa = XCBuildConfiguration;
			buildSettings = {
				ONLY_ACTIVE_ARCH = YES;
				SDKROOT = /Applications/Xcode.app/Contents/Developer/Platforms/MacOSX.platform/Developer/SDKs/MacOSX10.12.sdk;
				SYMROOT = "/Users/Jason/Desktop/Xcode/ECE_441/dpgen/build-xcode/build";
			};
			name = Debug;
		};
		B1B81E6920474165862417CC /* Debug */ = {
			isa = XCBuildConfiguration;
			buildSettings = {
				COMBINE_HIDPI_IMAGES = YES;
				GCC_GENERATE_DEBUGGING_SYMBOLS = YES;
				GCC_INLINES_ARE_PRIVATE_EXTERN = NO;
				GCC_OPTIMIZATION_LEVEL = 0;
				GCC_PREPROCESSOR_DEFINITIONS = ("'CMAKE_INTDIR=\"$(CONFIGURATION)$(EFFECTIVE_PLATFORM_NAME)\"'");
				GCC_SYMBOLS_PRIVATE_EXTERN = NO;
				INSTALL_PATH = "";
				OTHER_LDFLAGS = " ";
				OTHER_REZFLAGS = "";
				PRODUCT_NAME = ALL_BUILD;
				SECTORDER_FLAGS = "";
				SYMROOT = "/Users/Jason/Desktop/Xcode/ECE_441/dpgen/build-xcode";
				USE_HEADERMAP = NO;
				WARNING_CFLAGS = ("-Wmost","-Wno-four-char-constants","-Wno-unknown-pragmas","$(inherited)");
			};
			name = Debug;
		};
		BCF7217319974BC5972DA244 /* MinSizeRel */ = {
			isa = XCBuildConfiguration;
			buildSettings = {
				COMBINE_HIDPI_IMAGES = YES;
				GCC_GENERATE_DEBUGGING_SYMBOLS = YES;
				GCC_INLINES_ARE_PRIVATE_EXTERN = NO;
				GCC_OPTIMIZATION_LEVEL = 0;
				GCC_PREPROCESSOR_DEFINITIONS = ("'CMAKE_INTDIR=\"$(CONFIGURATION)$(EFFECTIVE_PLATFORM_NAME)\"'");
				GCC_SYMBOLS_PRIVATE_EXTERN = NO;
				INSTALL_PATH = "";
				OTHER_LDFLAGS = " ";
				OTHER_REZFLAGS = "";
				PRODUCT_NAME = ALL_BUILD;
				SECTORDER_FLAGS = "";
				SYMROOT = "/Users/Jason/Desktop/Xcode/ECE_441/dpgen/build-xcode";
				USE_HEADERMAP = NO;
				WARNING_CFLAGS = ("-Wmost","-Wno-four-char-constants","-Wno-unknown-pragmas","$(inherited)");
			};
			name = MinSizeRel;
		};
		C750C10BBFA04F15AE60EBB2 /* Debug */ = {
			isa = XCBuildConfiguration;
			buildSettings = {
				COMBINE_HIDPI_IMAGES = YES;
				GCC_GENERATE_DEBUGGING_SYMBOLS = YES;
				GCC_INLINES_ARE_PRIVATE_EXTERN = NO;
				GCC_OPTIMIZATION_LEVEL = 0;
				GCC_PREPROCESSOR_DEFINITIONS = ("'CMAKE_INTDIR=\"$(CONFIGURATION)$(EFFECTIVE_PLATFORM_NAME)\"'");
				GCC_SYMBOLS_PRIVATE_EXTERN = NO;
				INSTALL_PATH = "";
				OTHER_LDFLAGS = " ";
				OTHER_REZFLAGS = "";
				PRODUCT_NAME = ZERO_CHECK;
				SECTORDER_FLAGS = "";
				SYMROOT = "/Users/Jason/Desktop/Xcode/ECE_441/dpgen/build-xcode";
				USE_HEADERMAP = NO;
				WARNING_CFLAGS = ("-Wmost","-Wno-four-char-constants","-Wno-unknown-pragmas","$(inherited)");
			};
			name = Debug;
		};
		E4DB2EE90F484B599D787C5C /* Release */ = {
			isa = XCBuildConfiguration;
			buildSettings = {
				COMBINE_HIDPI_IMAGES = YES;
				EXECUTABLE_PREFIX = "";
				EXECUTABLE_SUFFIX = "";
				GCC_GENERATE_DEBUGGING_SYMBOLS = NO;
				GCC_INLINES_ARE_PRIVATE_EXTERN = NO;
				GCC_OPTIMIZATION_LEVEL = 3;
				GCC_PREPROCESSOR_DEFINITIONS = ("'CMAKE_INTDIR=\"$(CONFIGURATION)$(EFFECTIVE_PLATFORM_NAME)\"'");
				GCC_SYMBOLS_PRIVATE_EXTERN = NO;
				INSTALL_PATH = "";
				LIBRARY_SEARCH_PATHS = "";
				OTHER_CPLUSPLUSFLAGS = "    -DNDEBUG   -Wall -g";
				OTHER_LDFLAGS = " -Wl,-search_paths_first -Wl,-headerpad_max_install_names  ";
				OTHER_REZFLAGS = "";
				PRODUCT_NAME = dpgen;
				SECTORDER_FLAGS = "";
				SYMROOT = "/Users/Jason/Desktop/Xcode/ECE_441/dpgen/build-xcode/src";
				USE_HEADERMAP = NO;
				WARNING_CFLAGS = ("-Wmost","-Wno-four-char-constants","-Wno-unknown-pragmas","$(inherited)");
			};
			name = Release;
		};
/* End XCBuildConfiguration section */

/* Begin XCConfigurationList section */
		14A1185FCEF5498ABE23EAA3 /* Build configuration list for PBXAggregateTarget "ZERO_CHECK" */ = {
			isa = XCConfigurationList;
			buildConfigurations = (
				C750C10BBFA04F15AE60EBB2 /* Debug */,
				22B2EDA47BF044A4A5A778EF /* Release */,
				91F405E4C5244FD0A86CA782 /* MinSizeRel */,
				81DD4FA95C8D471EA6987946 /* RelWithDebInfo */,
			);
			defaultConfigurationIsVisible = 0;
			defaultConfigurationName = Debug;
		};
		3F04703DBBF24CA4B73A59BE /* Build configuration list for PBXAggregateTarget "ALL_BUILD" */ = {
			isa = XCConfigurationList;
			buildConfigurations = (
				B1B81E6920474165862417CC /* Debug */,
				15232127A08C4B048640F6A5 /* Release */,
				BCF7217319974BC5972DA244 /* MinSizeRel */,
				755156F4996D4958AA1B14F2 /* RelWithDebInfo */,
			);
			defaultConfigurationIsVisible = 0;
			defaultConfigurationName = Debug;
		};
		738E89ED642B480088EF277D /* Build configuration list for PBXProject "dpgen_project" */ = {
			isa = XCConfigurationList;
			buildConfigurations = (
				A366D341A7DF43858C8CC747 /* Debug */,
				72E1ED21ACCB4D83B91D21EF /* Release */,
				4532CD01201847E09F27F0C3 /* MinSizeRel */,
				93E8CCF0B84E4BCF9325507C /* RelWithDebInfo */,
			);
			defaultConfigurationIsVisible = 0;
			defaultConfigurationName = Debug;
		};
		76EA6DBDBC8545A6A3FFF1E9 /* Build configuration list for PBXNativeTarget "dpgen" */ = {
			isa = XCConfigurationList;
			buildConfigurations = (
				74BD1783430F4A59BE7D0A44 /* Debug */,
				E4DB2EE90F484B599D787C5C /* Release */,
				30E07DFF887E4FD8A9F71343 /* MinSizeRel */,
				1EF8FFCC5F3548E580010054 /* RelWithDebInfo */,
			);
			defaultConfigurationIsVisible = 0;
			defaultConfigurationName = Debug;
		};
/* End XCConfigurationList section */
	};
	rootObject = 59BB7DFA3CE541CBAD35A1C9 /* Project object */;
}
