// !$*UTF8*$!
{
	archiveVersion = 1;
	classes = {
	};
	objectVersion = 46;
	objects = {

/* Begin PBXAggregateTarget section */
		400947954A604995A7BB5087 /* ALL_BUILD */ = {
			isa = PBXAggregateTarget;
			buildConfigurationList = AEC939ACFA284B95ACB0B354 /* Build configuration list for PBXAggregateTarget "ALL_BUILD" */;
			buildPhases = (
				F0B5E2A1439F4FF1BDFBB8AF /* CMake Rules */,
			);
			dependencies = (
				843E6474DCB244739FBE1042 /* PBXTargetDependency */,
				9DF7FAB6293F4626A5839834 /* PBXTargetDependency */,
			);
			name = ALL_BUILD;
			productName = ALL_BUILD;
		};
		FB27B7F7C22E4475A86700AD /* ZERO_CHECK */ = {
			isa = PBXAggregateTarget;
			buildConfigurationList = C1FF8140D4204466A2AF0DB7 /* Build configuration list for PBXAggregateTarget "ZERO_CHECK" */;
			buildPhases = (
				FA91E32A5B30417C96EFB14A /* CMake Rules */,
			);
			dependencies = (
			);
			name = ZERO_CHECK;
			productName = ZERO_CHECK;
		};
/* End PBXAggregateTarget section */

/* Begin PBXBuildFile section */
		3FDCBDCDBA1A40C992AA6C49 /* main.cpp in Sources */ = {isa = PBXBuildFile; fileRef = CFC9AE0FF7C74F1B9BBB0BB2 /* main.cpp */; };
		8547EB1CC22A46B3AB07E368 /* Input.cpp in Sources */ = {isa = PBXBuildFile; fileRef = B0AEB47886924D2DA10B6086 /* Input.cpp */; };
		D1E6BFA2A21C4264AAC80EC1 /* Output.cpp in Sources */ = {isa = PBXBuildFile; fileRef = CDE23F02AA0B44CF9E61BCD3 /* Output.cpp */; };
/* End PBXBuildFile section */

/* Begin PBXContainerItemProxy section */
		234EE5B2D5DE4DEFA4C5E8D1 /* PBXContainerItemProxy */ = {
			isa = PBXContainerItemProxy;
			containerPortal = 59BB7DFA3CE541CBAD35A1C9 /* Project object */;
			proxyType = 1;
			remoteGlobalIDString = 6C5BA73711604EFBA39BD3A1;
			remoteInfo = dpgen;
		};
		CC6DDEA04907449A93F0C414 /* PBXContainerItemProxy */ = {
			isa = PBXContainerItemProxy;
			containerPortal = 59BB7DFA3CE541CBAD35A1C9 /* Project object */;
			proxyType = 1;
			remoteGlobalIDString = FB27B7F7C22E4475A86700AD;
			remoteInfo = ZERO_CHECK;
		};
		EBFE574FCFEF4CE58750CE5A /* PBXContainerItemProxy */ = {
			isa = PBXContainerItemProxy;
			containerPortal = 59BB7DFA3CE541CBAD35A1C9 /* Project object */;
			proxyType = 1;
			remoteGlobalIDString = FB27B7F7C22E4475A86700AD;
			remoteInfo = ZERO_CHECK;
		};
/* End PBXContainerItemProxy section */

/* Begin PBXFileReference section */
		61067F5CC161438F8CD0148F /* dpgen */ = {isa = PBXFileReference; explicitFileType = "compiled.mach-o.executable"; path = dpgen; sourceTree = BUILT_PRODUCTS_DIR; };
		80407D306C9747A0932C84D6 /* CMakeLists.txt */ = {isa = PBXFileReference; explicitFileType = sourcecode.text; fileEncoding = 4; lastKnownFileType = text; path = CMakeLists.txt; sourceTree = SOURCE_ROOT; };
		897288C0FA2F40849D1E9C07 /* CMakeLists.txt */ = {isa = PBXFileReference; explicitFileType = sourcecode.text; fileEncoding = 4; lastKnownFileType = text; path = CMakeLists.txt; sourceTree = SOURCE_ROOT; };
		8CAC861769264EE9A577BAA9 /* Input.h */ = {isa = PBXFileReference; explicitFileType = sourcecode.c.h; fileEncoding = 4; name = Input.h; path = src/Input.h; sourceTree = SOURCE_ROOT; };
		AA66A644A26E4175B90127A8 /* Output.h */ = {isa = PBXFileReference; explicitFileType = sourcecode.c.h; fileEncoding = 4; name = Output.h; path = src/Output.h; sourceTree = SOURCE_ROOT; };
		B0AEB47886924D2DA10B6086 /* Input.cpp */ = {isa = PBXFileReference; explicitFileType = sourcecode.cpp.cpp; fileEncoding = 4; name = Input.cpp; path = src/Input.cpp; sourceTree = SOURCE_ROOT; };
		CDE23F02AA0B44CF9E61BCD3 /* Output.cpp */ = {isa = PBXFileReference; explicitFileType = sourcecode.cpp.cpp; fileEncoding = 4; name = Output.cpp; path = src/Output.cpp; sourceTree = SOURCE_ROOT; };
		CFC9AE0FF7C74F1B9BBB0BB2 /* main.cpp */ = {isa = PBXFileReference; explicitFileType = sourcecode.cpp.cpp; fileEncoding = 4; name = main.cpp; path = src/main.cpp; sourceTree = SOURCE_ROOT; };
		D57374554B02438B8B40AA3C /* CMakeLists.txt */ = {isa = PBXFileReference; explicitFileType = sourcecode.text; fileEncoding = 4; lastKnownFileType = text; name = CMakeLists.txt; path = src/CMakeLists.txt; sourceTree = SOURCE_ROOT; };
/* End PBXFileReference section */

/* Begin PBXGroup section */
		07BFDD2564264951A2855E47 /* CMake Rules */ = {
			isa = PBXGroup;
			children = (
			);
			name = "CMake Rules";
			sourceTree = "<group>";
		};
		1DFC7F16EBDE4366BBD4AFD3 /* Sources */ = {
			isa = PBXGroup;
			children = (
				44651F72004C4357AE317419 /* ALL_BUILD */,
				768C3631E9B24373938DF4B7 /* ZERO_CHECK */,
				7887777EB6B24B239625B142 /* dpgen */,
			);
			name = Sources;
			sourceTree = "<group>";
		};
		44651F72004C4357AE317419 /* ALL_BUILD */ = {
			isa = PBXGroup;
			children = (
				07BFDD2564264951A2855E47 /* CMake Rules */,
				80407D306C9747A0932C84D6 /* CMakeLists.txt */,
			);
			name = ALL_BUILD;
			sourceTree = "<group>";
		};
		747334DA713D4E55B6965B8E = {
			isa = PBXGroup;
			children = (
				1DFC7F16EBDE4366BBD4AFD3 /* Sources */,
				F41C39F044FC48F78920E0D0 /* Resources */,
				B2B6568BDA6A4454A8F1812E /* Products */,
			);
			sourceTree = "<group>";
		};
		768C3631E9B24373938DF4B7 /* ZERO_CHECK */ = {
			isa = PBXGroup;
			children = (
				B82AC69A3CE44795965D484A /* CMake Rules */,
				897288C0FA2F40849D1E9C07 /* CMakeLists.txt */,
			);
			name = ZERO_CHECK;
			sourceTree = "<group>";
		};
		7887777EB6B24B239625B142 /* dpgen */ = {
			isa = PBXGroup;
			children = (
				F2837CBC9FF847A59B435D97 /* Source Files */,
				78FBDACA0EEA441BB12F40B6 /* Header Files */,
				D57374554B02438B8B40AA3C /* CMakeLists.txt */,
			);
			name = dpgen;
			sourceTree = "<group>";
		};
		78FBDACA0EEA441BB12F40B6 /* Header Files */ = {
			isa = PBXGroup;
			children = (
				8CAC861769264EE9A577BAA9 /* Input.h */,
				AA66A644A26E4175B90127A8 /* Output.h */,
			);
			name = "Header Files";
			sourceTree = "<group>";
		};
		B2B6568BDA6A4454A8F1812E /* Products */ = {
			isa = PBXGroup;
			children = (
				61067F5CC161438F8CD0148F /* dpgen */,
			);
			name = Products;
			sourceTree = "<group>";
		};
		B82AC69A3CE44795965D484A /* CMake Rules */ = {
			isa = PBXGroup;
			children = (
			);
			name = "CMake Rules";
			sourceTree = "<group>";
		};
		F2837CBC9FF847A59B435D97 /* Source Files */ = {
			isa = PBXGroup;
			children = (
				CDE23F02AA0B44CF9E61BCD3 /* Output.cpp */,
				B0AEB47886924D2DA10B6086 /* Input.cpp */,
				CFC9AE0FF7C74F1B9BBB0BB2 /* main.cpp */,
			);
			name = "Source Files";
			sourceTree = "<group>";
		};
		F41C39F044FC48F78920E0D0 /* Resources */ = {
			isa = PBXGroup;
			children = (
			);
			name = Resources;
			sourceTree = "<group>";
		};
/* End PBXGroup section */

/* Begin PBXNativeTarget section */
		6C5BA73711604EFBA39BD3A1 /* dpgen */ = {
			isa = PBXNativeTarget;
			buildConfigurationList = 22E76E4C97354EA4BC2335AB /* Build configuration list for PBXNativeTarget "dpgen" */;
			buildPhases = (
				A244074550E74B95BA57047D /* Sources */,
			);
			buildRules = (
			);
			dependencies = (
				14BBFD8C894F4841BDE51369 /* PBXTargetDependency */,
			);
			name = dpgen;
			productName = dpgen;
			productReference = 61067F5CC161438F8CD0148F /* dpgen */;
			productType = "com.apple.product-type.tool";
		};
/* End PBXNativeTarget section */

/* Begin PBXProject section */
		59BB7DFA3CE541CBAD35A1C9 /* Project object */ = {
			isa = PBXProject;
			attributes = {
				BuildIndependentTargetsInParallel = YES;
				LastUpgradeCheck = 0800;
			};
			buildConfigurationList = BF887BB463E646B8A2C593BC /* Build configuration list for PBXProject "dpgen_project" */;
			compatibilityVersion = "Xcode 3.2";
			developmentRegion = English;
			hasScannedForEncodings = 0;
			knownRegions = (
				en,
			);
			mainGroup = 747334DA713D4E55B6965B8E;
			projectDirPath = ../;
			projectRoot = "";
			targets = (
				400947954A604995A7BB5087 /* ALL_BUILD */,
				FB27B7F7C22E4475A86700AD /* ZERO_CHECK */,
				6C5BA73711604EFBA39BD3A1 /* dpgen */,
			);
		};
/* End PBXProject section */

/* Begin PBXShellScriptBuildPhase section */
		F0B5E2A1439F4FF1BDFBB8AF /* CMake Rules */ = {
			isa = PBXShellScriptBuildPhase;
			buildActionMask = 2147483647;
			files = (
			);
			name = "CMake Rules";
			runOnlyForDeploymentPostprocessing = 0;
			shellPath = /bin/sh;
			shellScript = "make -C /Users/Jason/Desktop/Xcode/ECE_474/dpgen/build-xcode -f /Users/Jason/Desktop/Xcode/ECE_474/dpgen/build-xcode/CMakeScripts/ALL_BUILD_cmakeRulesBuildPhase.make$CONFIGURATION all";
			showEnvVarsInLog = 0;
		};
		FA91E32A5B30417C96EFB14A /* CMake Rules */ = {
			isa = PBXShellScriptBuildPhase;
			buildActionMask = 2147483647;
			files = (
			);
			name = "CMake Rules";
			runOnlyForDeploymentPostprocessing = 0;
			shellPath = /bin/sh;
			shellScript = "make -C /Users/Jason/Desktop/Xcode/ECE_474/dpgen/build-xcode -f /Users/Jason/Desktop/Xcode/ECE_474/dpgen/build-xcode/CMakeScripts/ZERO_CHECK_cmakeRulesBuildPhase.make$CONFIGURATION all";
			showEnvVarsInLog = 0;
		};
/* End PBXShellScriptBuildPhase section */

/* Begin PBXSourcesBuildPhase section */
		A244074550E74B95BA57047D /* Sources */ = {
			isa = PBXSourcesBuildPhase;
			buildActionMask = 2147483647;
			files = (
				D1E6BFA2A21C4264AAC80EC1 /* Output.cpp in Sources */,
				8547EB1CC22A46B3AB07E368 /* Input.cpp in Sources */,
				3FDCBDCDBA1A40C992AA6C49 /* main.cpp in Sources */,
			);
			runOnlyForDeploymentPostprocessing = 0;
		};
/* End PBXSourcesBuildPhase section */

/* Begin PBXTargetDependency section */
		14BBFD8C894F4841BDE51369 /* PBXTargetDependency */ = {
			isa = PBXTargetDependency;
			target = FB27B7F7C22E4475A86700AD /* ZERO_CHECK */;
			targetProxy = CC6DDEA04907449A93F0C414 /* PBXContainerItemProxy */;
		};
		843E6474DCB244739FBE1042 /* PBXTargetDependency */ = {
			isa = PBXTargetDependency;
			target = 6C5BA73711604EFBA39BD3A1 /* dpgen */;
			targetProxy = 234EE5B2D5DE4DEFA4C5E8D1 /* PBXContainerItemProxy */;
		};
		9DF7FAB6293F4626A5839834 /* PBXTargetDependency */ = {
			isa = PBXTargetDependency;
			target = FB27B7F7C22E4475A86700AD /* ZERO_CHECK */;
			targetProxy = EBFE574FCFEF4CE58750CE5A /* PBXContainerItemProxy */;
		};
/* End PBXTargetDependency section */

/* Begin XCBuildConfiguration section */
		03BF12E219894518A3AB4B71 /* RelWithDebInfo */ = {
			isa = XCBuildConfiguration;
			buildSettings = {
				ONLY_ACTIVE_ARCH = YES;
				SDKROOT = /Applications/Xcode.app/Contents/Developer/Platforms/MacOSX.platform/Developer/SDKs/MacOSX10.12.sdk;
				SYMROOT = "/Users/Jason/Desktop/Xcode/ECE_474/dpgen/build-xcode/build";
			};
			name = RelWithDebInfo;
		};
		19A991B043A447FF849EDF14 /* Release */ = {
			isa = XCBuildConfiguration;
			buildSettings = {
				ONLY_ACTIVE_ARCH = YES;
				SDKROOT = /Applications/Xcode.app/Contents/Developer/Platforms/MacOSX.platform/Developer/SDKs/MacOSX10.12.sdk;
				SYMROOT = "/Users/Jason/Desktop/Xcode/ECE_474/dpgen/build-xcode/build";
			};
			name = Release;
		};
		3384BAB3D2AB4B549EF55DDB /* Release */ = {
			isa = XCBuildConfiguration;
			buildSettings = {
				COMBINE_HIDPI_IMAGES = YES;
				EXECUTABLE_PREFIX = "";
				EXECUTABLE_SUFFIX = "";
				GCC_GENERATE_DEBUGGING_SYMBOLS = NO;
				GCC_INLINES_ARE_PRIVATE_EXTERN = NO;
				GCC_OPTIMIZATION_LEVEL = 3;
				GCC_PREPROCESSOR_DEFINITIONS = "'CMAKE_INTDIR=\"$(CONFIGURATION)$(EFFECTIVE_PLATFORM_NAME)\"'";
				GCC_SYMBOLS_PRIVATE_EXTERN = NO;
				INSTALL_PATH = "";
				LIBRARY_SEARCH_PATHS = "";
				OTHER_CPLUSPLUSFLAGS = (
					"-DNDEBUG",
					"-Wall",
					"-g",
				);
				OTHER_LDFLAGS = (
					"-Wl,-search_paths_first",
					"-Wl,-headerpad_max_install_names",
				);
				OTHER_REZFLAGS = "";
				PRODUCT_NAME = dpgen;
				SECTORDER_FLAGS = "";
				SYMROOT = "/Users/Jason/Desktop/Xcode/ECE_474/dpgen/build-xcode/src";
				USE_HEADERMAP = NO;
				WARNING_CFLAGS = (
					"-Wmost",
					"-Wno-four-char-constants",
					"-Wno-unknown-pragmas",
					"$(inherited)",
				);
			};
			name = Release;
		};
		3ED9F9150C96476F966CD74E /* Debug */ = {
			isa = XCBuildConfiguration;
			buildSettings = {
				COMBINE_HIDPI_IMAGES = YES;
				GCC_GENERATE_DEBUGGING_SYMBOLS = YES;
				GCC_INLINES_ARE_PRIVATE_EXTERN = NO;
				GCC_OPTIMIZATION_LEVEL = 0;
				GCC_PREPROCESSOR_DEFINITIONS = "'CMAKE_INTDIR=\"$(CONFIGURATION)$(EFFECTIVE_PLATFORM_NAME)\"'";
				GCC_SYMBOLS_PRIVATE_EXTERN = NO;
				INSTALL_PATH = "";
				OTHER_LDFLAGS = " ";
				OTHER_REZFLAGS = "";
				PRODUCT_NAME = ZERO_CHECK;
				SECTORDER_FLAGS = "";
				SYMROOT = "/Users/Jason/Desktop/Xcode/ECE_474/dpgen/build-xcode";
				USE_HEADERMAP = NO;
				WARNING_CFLAGS = (
					"-Wmost",
					"-Wno-four-char-constants",
					"-Wno-unknown-pragmas",
					"$(inherited)",
				);
			};
			name = Debug;
		};
		4B1FB1A46C484F33ADD9AE00 /* Debug */ = {
			isa = XCBuildConfiguration;
			buildSettings = {
				COMBINE_HIDPI_IMAGES = YES;
				GCC_GENERATE_DEBUGGING_SYMBOLS = YES;
				GCC_INLINES_ARE_PRIVATE_EXTERN = NO;
				GCC_OPTIMIZATION_LEVEL = 0;
				GCC_PREPROCESSOR_DEFINITIONS = "'CMAKE_INTDIR=\"$(CONFIGURATION)$(EFFECTIVE_PLATFORM_NAME)\"'";
				GCC_SYMBOLS_PRIVATE_EXTERN = NO;
				INSTALL_PATH = "";
				OTHER_LDFLAGS = " ";
				OTHER_REZFLAGS = "";
				PRODUCT_NAME = ALL_BUILD;
				SECTORDER_FLAGS = "";
				SYMROOT = "/Users/Jason/Desktop/Xcode/ECE_474/dpgen/build-xcode";
				USE_HEADERMAP = NO;
				WARNING_CFLAGS = (
					"-Wmost",
					"-Wno-four-char-constants",
					"-Wno-unknown-pragmas",
					"$(inherited)",
				);
			};
			name = Debug;
		};
		5BBB94DCC18A43F192CE6D4B /* Debug */ = {
			isa = XCBuildConfiguration;
			buildSettings = {
				COMBINE_HIDPI_IMAGES = YES;
				EXECUTABLE_PREFIX = "";
				EXECUTABLE_SUFFIX = "";
				GCC_GENERATE_DEBUGGING_SYMBOLS = YES;
				GCC_INLINES_ARE_PRIVATE_EXTERN = NO;
				GCC_OPTIMIZATION_LEVEL = 0;
				GCC_PREPROCESSOR_DEFINITIONS = "'CMAKE_INTDIR=\"$(CONFIGURATION)$(EFFECTIVE_PLATFORM_NAME)\"'";
				GCC_SYMBOLS_PRIVATE_EXTERN = NO;
				INSTALL_PATH = "";
				LIBRARY_SEARCH_PATHS = "";
				OTHER_CPLUSPLUSFLAGS = (
					"-Wall",
					"-g",
				);
				OTHER_LDFLAGS = (
					"-Wl,-search_paths_first",
					"-Wl,-headerpad_max_install_names",
				);
				OTHER_REZFLAGS = "";
				PRODUCT_NAME = dpgen;
				SECTORDER_FLAGS = "";
				SYMROOT = "/Users/Jason/Desktop/Xcode/ECE_474/dpgen/build-xcode/src";
				USE_HEADERMAP = NO;
				WARNING_CFLAGS = (
					"-Wmost",
					"-Wno-four-char-constants",
					"-Wno-unknown-pragmas",
					"$(inherited)",
				);
			};
			name = Debug;
		};
		683EE6B624D14B80985DB02B /* RelWithDebInfo */ = {
			isa = XCBuildConfiguration;
			buildSettings = {
				COMBINE_HIDPI_IMAGES = YES;
				GCC_GENERATE_DEBUGGING_SYMBOLS = YES;
				GCC_INLINES_ARE_PRIVATE_EXTERN = NO;
				GCC_OPTIMIZATION_LEVEL = 0;
				GCC_PREPROCESSOR_DEFINITIONS = "'CMAKE_INTDIR=\"$(CONFIGURATION)$(EFFECTIVE_PLATFORM_NAME)\"'";
				GCC_SYMBOLS_PRIVATE_EXTERN = NO;
				INSTALL_PATH = "";
				OTHER_LDFLAGS = " ";
				OTHER_REZFLAGS = "";
				PRODUCT_NAME = ALL_BUILD;
				SECTORDER_FLAGS = "";
				SYMROOT = "/Users/Jason/Desktop/Xcode/ECE_474/dpgen/build-xcode";
				USE_HEADERMAP = NO;
				WARNING_CFLAGS = (
					"-Wmost",
					"-Wno-four-char-constants",
					"-Wno-unknown-pragmas",
					"$(inherited)",
				);
			};
			name = RelWithDebInfo;
		};
		8FE7C515B9E64E09B6FA47F6 /* MinSizeRel */ = {
			isa = XCBuildConfiguration;
			buildSettings = {
				COMBINE_HIDPI_IMAGES = YES;
				GCC_GENERATE_DEBUGGING_SYMBOLS = YES;
				GCC_INLINES_ARE_PRIVATE_EXTERN = NO;
				GCC_OPTIMIZATION_LEVEL = 0;
				GCC_PREPROCESSOR_DEFINITIONS = "'CMAKE_INTDIR=\"$(CONFIGURATION)$(EFFECTIVE_PLATFORM_NAME)\"'";
				GCC_SYMBOLS_PRIVATE_EXTERN = NO;
				INSTALL_PATH = "";
				OTHER_LDFLAGS = " ";
				OTHER_REZFLAGS = "";
				PRODUCT_NAME = ALL_BUILD;
				SECTORDER_FLAGS = "";
				SYMROOT = "/Users/Jason/Desktop/Xcode/ECE_474/dpgen/build-xcode";
				USE_HEADERMAP = NO;
				WARNING_CFLAGS = (
					"-Wmost",
					"-Wno-four-char-constants",
					"-Wno-unknown-pragmas",
					"$(inherited)",
				);
			};
			name = MinSizeRel;
		};
		97157AB0B6984EC095DCE89B /* RelWithDebInfo */ = {
			isa = XCBuildConfiguration;
			buildSettings = {
				COMBINE_HIDPI_IMAGES = YES;
				GCC_GENERATE_DEBUGGING_SYMBOLS = YES;
				GCC_INLINES_ARE_PRIVATE_EXTERN = NO;
				GCC_OPTIMIZATION_LEVEL = 0;
				GCC_PREPROCESSOR_DEFINITIONS = "'CMAKE_INTDIR=\"$(CONFIGURATION)$(EFFECTIVE_PLATFORM_NAME)\"'";
				GCC_SYMBOLS_PRIVATE_EXTERN = NO;
				INSTALL_PATH = "";
				OTHER_LDFLAGS = " ";
				OTHER_REZFLAGS = "";
				PRODUCT_NAME = ZERO_CHECK;
				SECTORDER_FLAGS = "";
				SYMROOT = "/Users/Jason/Desktop/Xcode/ECE_474/dpgen/build-xcode";
				USE_HEADERMAP = NO;
				WARNING_CFLAGS = (
					"-Wmost",
					"-Wno-four-char-constants",
					"-Wno-unknown-pragmas",
					"$(inherited)",
				);
			};
			name = RelWithDebInfo;
		};
		A3FC59FE136E4543957A125C /* MinSizeRel */ = {
			isa = XCBuildConfiguration;
			buildSettings = {
				COMBINE_HIDPI_IMAGES = YES;
				GCC_GENERATE_DEBUGGING_SYMBOLS = YES;
				GCC_INLINES_ARE_PRIVATE_EXTERN = NO;
				GCC_OPTIMIZATION_LEVEL = 0;
				GCC_PREPROCESSOR_DEFINITIONS = "'CMAKE_INTDIR=\"$(CONFIGURATION)$(EFFECTIVE_PLATFORM_NAME)\"'";
				GCC_SYMBOLS_PRIVATE_EXTERN = NO;
				INSTALL_PATH = "";
				OTHER_LDFLAGS = " ";
				OTHER_REZFLAGS = "";
				PRODUCT_NAME = ZERO_CHECK;
				SECTORDER_FLAGS = "";
				SYMROOT = "/Users/Jason/Desktop/Xcode/ECE_474/dpgen/build-xcode";
				USE_HEADERMAP = NO;
				WARNING_CFLAGS = (
					"-Wmost",
					"-Wno-four-char-constants",
					"-Wno-unknown-pragmas",
					"$(inherited)",
				);
			};
			name = MinSizeRel;
		};
		AA48F7A2AC1B4C49BC63C5F1 /* Release */ = {
			isa = XCBuildConfiguration;
			buildSettings = {
				COMBINE_HIDPI_IMAGES = YES;
				GCC_GENERATE_DEBUGGING_SYMBOLS = YES;
				GCC_INLINES_ARE_PRIVATE_EXTERN = NO;
				GCC_OPTIMIZATION_LEVEL = 0;
				GCC_PREPROCESSOR_DEFINITIONS = "'CMAKE_INTDIR=\"$(CONFIGURATION)$(EFFECTIVE_PLATFORM_NAME)\"'";
				GCC_SYMBOLS_PRIVATE_EXTERN = NO;
				INSTALL_PATH = "";
				OTHER_LDFLAGS = " ";
				OTHER_REZFLAGS = "";
				PRODUCT_NAME = ZERO_CHECK;
				SECTORDER_FLAGS = "";
				SYMROOT = "/Users/Jason/Desktop/Xcode/ECE_474/dpgen/build-xcode";
				USE_HEADERMAP = NO;
				WARNING_CFLAGS = (
					"-Wmost",
					"-Wno-four-char-constants",
					"-Wno-unknown-pragmas",
					"$(inherited)",
				);
			};
			name = Release;
		};
		C5B6F044C90240E6951637EC /* RelWithDebInfo */ = {
			isa = XCBuildConfiguration;
			buildSettings = {
				COMBINE_HIDPI_IMAGES = YES;
				EXECUTABLE_PREFIX = "";
				EXECUTABLE_SUFFIX = "";
				GCC_GENERATE_DEBUGGING_SYMBOLS = YES;
				GCC_INLINES_ARE_PRIVATE_EXTERN = NO;
				GCC_OPTIMIZATION_LEVEL = 2;
				GCC_PREPROCESSOR_DEFINITIONS = "'CMAKE_INTDIR=\"$(CONFIGURATION)$(EFFECTIVE_PLATFORM_NAME)\"'";
				GCC_SYMBOLS_PRIVATE_EXTERN = NO;
				INSTALL_PATH = "";
				LIBRARY_SEARCH_PATHS = "";
				OTHER_CPLUSPLUSFLAGS = (
					"-DNDEBUG",
					"-Wall",
					"-g",
				);
				OTHER_LDFLAGS = (
					"-Wl,-search_paths_first",
					"-Wl,-headerpad_max_install_names",
				);
				OTHER_REZFLAGS = "";
				PRODUCT_NAME = dpgen;
				SECTORDER_FLAGS = "";
				SYMROOT = "/Users/Jason/Desktop/Xcode/ECE_474/dpgen/build-xcode/src";
				USE_HEADERMAP = NO;
				WARNING_CFLAGS = (
					"-Wmost",
					"-Wno-four-char-constants",
					"-Wno-unknown-pragmas",
					"$(inherited)",
				);
			};
			name = RelWithDebInfo;
		};
		CFC0D80698924EDFBE1D4E7C /* Release */ = {
			isa = XCBuildConfiguration;
			buildSettings = {
				COMBINE_HIDPI_IMAGES = YES;
				GCC_GENERATE_DEBUGGING_SYMBOLS = YES;
				GCC_INLINES_ARE_PRIVATE_EXTERN = NO;
				GCC_OPTIMIZATION_LEVEL = 0;
				GCC_PREPROCESSOR_DEFINITIONS = "'CMAKE_INTDIR=\"$(CONFIGURATION)$(EFFECTIVE_PLATFORM_NAME)\"'";
				GCC_SYMBOLS_PRIVATE_EXTERN = NO;
				INSTALL_PATH = "";
				OTHER_LDFLAGS = " ";
				OTHER_REZFLAGS = "";
				PRODUCT_NAME = ALL_BUILD;
				SECTORDER_FLAGS = "";
				SYMROOT = "/Users/Jason/Desktop/Xcode/ECE_474/dpgen/build-xcode";
				USE_HEADERMAP = NO;
				WARNING_CFLAGS = (
					"-Wmost",
					"-Wno-four-char-constants",
					"-Wno-unknown-pragmas",
					"$(inherited)",
				);
			};
			name = Release;
		};
		D00C934E91634443B3189E3B /* MinSizeRel */ = {
			isa = XCBuildConfiguration;
			buildSettings = {
				COMBINE_HIDPI_IMAGES = YES;
				EXECUTABLE_PREFIX = "";
				EXECUTABLE_SUFFIX = "";
				GCC_GENERATE_DEBUGGING_SYMBOLS = NO;
				GCC_INLINES_ARE_PRIVATE_EXTERN = NO;
				GCC_OPTIMIZATION_LEVEL = s;
				GCC_PREPROCESSOR_DEFINITIONS = "'CMAKE_INTDIR=\"$(CONFIGURATION)$(EFFECTIVE_PLATFORM_NAME)\"'";
				GCC_SYMBOLS_PRIVATE_EXTERN = NO;
				INSTALL_PATH = "";
				LIBRARY_SEARCH_PATHS = "";
				OTHER_CPLUSPLUSFLAGS = (
					"-DNDEBUG",
					"-Wall",
					"-g",
				);
				OTHER_LDFLAGS = (
					"-Wl,-search_paths_first",
					"-Wl,-headerpad_max_install_names",
				);
				OTHER_REZFLAGS = "";
				PRODUCT_NAME = dpgen;
				SECTORDER_FLAGS = "";
				SYMROOT = "/Users/Jason/Desktop/Xcode/ECE_474/dpgen/build-xcode/src";
				USE_HEADERMAP = NO;
				WARNING_CFLAGS = (
					"-Wmost",
					"-Wno-four-char-constants",
					"-Wno-unknown-pragmas",
					"$(inherited)",
				);
			};
			name = MinSizeRel;
		};
		D3F138DF3B7545B6AFC28D96 /* MinSizeRel */ = {
			isa = XCBuildConfiguration;
			buildSettings = {
				ONLY_ACTIVE_ARCH = YES;
				SDKROOT = /Applications/Xcode.app/Contents/Developer/Platforms/MacOSX.platform/Developer/SDKs/MacOSX10.12.sdk;
				SYMROOT = "/Users/Jason/Desktop/Xcode/ECE_474/dpgen/build-xcode/build";
			};
			name = MinSizeRel;
		};
		D71C50F236E8464D95E0D54E /* Debug */ = {
			isa = XCBuildConfiguration;
			buildSettings = {
				ONLY_ACTIVE_ARCH = YES;
				SDKROOT = /Applications/Xcode.app/Contents/Developer/Platforms/MacOSX.platform/Developer/SDKs/MacOSX10.12.sdk;
				SYMROOT = "/Users/Jason/Desktop/Xcode/ECE_474/dpgen/build-xcode/build";
			};
			name = Debug;
		};
/* End XCBuildConfiguration section */

/* Begin XCConfigurationList section */
		22E76E4C97354EA4BC2335AB /* Build configuration list for PBXNativeTarget "dpgen" */ = {
			isa = XCConfigurationList;
			buildConfigurations = (
				5BBB94DCC18A43F192CE6D4B /* Debug */,
				3384BAB3D2AB4B549EF55DDB /* Release */,
				D00C934E91634443B3189E3B /* MinSizeRel */,
				C5B6F044C90240E6951637EC /* RelWithDebInfo */,
			);
			defaultConfigurationIsVisible = 0;
			defaultConfigurationName = Debug;
		};
		AEC939ACFA284B95ACB0B354 /* Build configuration list for PBXAggregateTarget "ALL_BUILD" */ = {
			isa = XCConfigurationList;
			buildConfigurations = (
				4B1FB1A46C484F33ADD9AE00 /* Debug */,
				CFC0D80698924EDFBE1D4E7C /* Release */,
				8FE7C515B9E64E09B6FA47F6 /* MinSizeRel */,
				683EE6B624D14B80985DB02B /* RelWithDebInfo */,
			);
			defaultConfigurationIsVisible = 0;
			defaultConfigurationName = Debug;
		};
		BF887BB463E646B8A2C593BC /* Build configuration list for PBXProject "dpgen_project" */ = {
			isa = XCConfigurationList;
			buildConfigurations = (
				D71C50F236E8464D95E0D54E /* Debug */,
				19A991B043A447FF849EDF14 /* Release */,
				D3F138DF3B7545B6AFC28D96 /* MinSizeRel */,
				03BF12E219894518A3AB4B71 /* RelWithDebInfo */,
			);
			defaultConfigurationIsVisible = 0;
			defaultConfigurationName = Debug;
		};
		C1FF8140D4204466A2AF0DB7 /* Build configuration list for PBXAggregateTarget "ZERO_CHECK" */ = {
			isa = XCConfigurationList;
			buildConfigurations = (
				3ED9F9150C96476F966CD74E /* Debug */,
				AA48F7A2AC1B4C49BC63C5F1 /* Release */,
				A3FC59FE136E4543957A125C /* MinSizeRel */,
				97157AB0B6984EC095DCE89B /* RelWithDebInfo */,
			);
			defaultConfigurationIsVisible = 0;
			defaultConfigurationName = Debug;
		};
/* End XCConfigurationList section */
	};
	rootObject = 59BB7DFA3CE541CBAD35A1C9 /* Project object */;
}
